
Microsoft Visual Studio Solution File, Format Version 12.00
# Visual Studio Version 17
VisualStudioVersion = 17.1.32328.378
MinimumVisualStudioVersion = 10.0.40219.1
Project("{8BC9CEB8-8B4A-11D0-8D11-00A0C91BC942}") = "rms_client", "rms_client\rms_client.vcxproj", "{DB3BAF67-D01C-4180-A7CA-D152E076DC72}"
EndProject
Project("{8BC9CEB8-8B4A-11D0-8D11-00A0C91BC942}") = "test", "test\test.vcxproj", "{6228DA64-9251-4B92-9351-FD65005CDB90}"
EndProject
Global
	GlobalSection(SolutionConfigurationPlatforms) = preSolution
		Debug|x64 = Debug|x64
		Debug|x86 = Debug|x86
		Release|x64 = Release|x64
		Release|x86 = Release|x86
	EndGlobalSection
	GlobalSection(ProjectConfigurationPlatforms) = postSolution
		{DB3BAF67-D01C-4180-A7CA-D152E076DC72}.Debug|x64.ActiveCfg = Debug|x64
		{DB3BAF67-D01C-4180-A7CA-D152E076DC72}.Debug|x64.Build.0 = Debug|x64
		{DB3BAF67-D01C-4180-A7CA-D152E076DC72}.Debug|x86.ActiveCfg = Debug|Win32
		{DB3BAF67-D01C-4180-A7CA-D152E076DC72}.Debug|x86.Build.0 = Debug|Win32
		{DB3BAF67-D01C-4180-A7CA-D152E076DC72}.Release|x64.ActiveCfg = Release|x64
		{DB3BAF67-D01C-4180-A7CA-D152E076DC72}.Release|x64.Build.0 = Release|x64
		{DB3BAF67-D01C-4180-A7CA-D152E076DC72}.Release|x86.ActiveCfg = Release|Win32
		{DB3BAF67-D01C-4180-A7CA-D152E076DC72}.Release|x86.Build.0 = Release|Win32
		{6228DA64-9251-4B92-9351-FD65005CDB90}.Debug|x64.ActiveCfg = Debug|x64
		{6228DA64-9251-4B92-9351-FD65005CDB90}.Debug|x64.Build.0 = Debug|x64
		{6228DA64-9251-4B92-9351-FD65005CDB90}.Debug|x86.ActiveCfg = Debug|Win32
		{6228DA64-9251-4B92-9351-FD65005CDB90}.Debug|x86.Build.0 = Debug|Win32
		{6228DA64-9251-4B92-9351-FD65005CDB90}.Release|x64.ActiveCfg = Release|x64
		{6228DA64-9251-4B92-9351-FD65005CDB90}.Release|x64.Build.0 = Release|x64
		{6228DA64-9251-4B92-9351-FD65005CDB90}.Release|x86.ActiveCfg = Release|Win32
		{6228DA64-9251-4B92-9351-FD65005CDB90}.Release|x86.Build.0 = Release|Win32
	EndGlobalSection
	GlobalSection(SolutionProperties) = preSolution
		HideSolutionNode = FALSE
	EndGlobalSection
	GlobalSection(ExtensibilityGlobals) = postSolution
		SolutionGuid = {57B8CC0E-56FC-4FEA-B7E0-40EFBFB55571}
	EndGlobalSection
EndGlobal
